
Microsoft Visual Studio Solution File, Format Version 12.00
# Visual Studio Version 17
VisualStudioVersion = 17.3.32901.215
MinimumVisualStudioVersion = 10.0.40219.1
Project("{8BC9CEB8-8B4A-11D0-8D11-00A0C91BC942}") = "MyLC3", "MyLC3\MyLC3.vcxproj", "{7C991957-611E-4EC9-8979-C67D7EF0730C}"
EndProject
Project("{8BC9CEB8-8B4A-11D0-8D11-00A0C91BC942}") = "LC3_Assembly", "LC3_Assembly\LC3_Assembly.vcxproj", "{F5F00174-E0B8-4FC8-8001-2C08DB59330B}"
EndProject
Project("{8BC9CEB8-8B4A-11D0-8D11-00A0C91BC942}") = "SimpleLC3", "SimpleLC3\SimpleLC3.vcxproj", "{BD85E52A-42FE-4050-93EC-7773108FCCB1}"
EndProject
Global
	GlobalSection(SolutionConfigurationPlatforms) = preSolution
		Debug|x64 = Debug|x64
		Debug|x86 = Debug|x86
		Release|x64 = Release|x64
		Release|x86 = Release|x86
	EndGlobalSection
	GlobalSection(ProjectConfigurationPlatforms) = postSolution
		{7C991957-611E-4EC9-8979-C67D7EF0730C}.Debug|x64.ActiveCfg = Debug|x64
		{7C991957-611E-4EC9-8979-C67D7EF0730C}.Debug|x64.Build.0 = Debug|x64
		{7C991957-611E-4EC9-8979-C67D7EF0730C}.Debug|x86.ActiveCfg = Debug|Win32
		{7C991957-611E-4EC9-8979-C67D7EF0730C}.Debug|x86.Build.0 = Debug|Win32
		{7C991957-611E-4EC9-8979-C67D7EF0730C}.Release|x64.ActiveCfg = Release|x64
		{7C991957-611E-4EC9-8979-C67D7EF0730C}.Release|x64.Build.0 = Release|x64
		{7C991957-611E-4EC9-8979-C67D7EF0730C}.Release|x86.ActiveCfg = Release|Win32
		{7C991957-611E-4EC9-8979-C67D7EF0730C}.Release|x86.Build.0 = Release|Win32
		{F5F00174-E0B8-4FC8-8001-2C08DB59330B}.Debug|x64.ActiveCfg = Debug|x64
		{F5F00174-E0B8-4FC8-8001-2C08DB59330B}.Debug|x64.Build.0 = Debug|x64
		{F5F00174-E0B8-4FC8-8001-2C08DB59330B}.Debug|x86.ActiveCfg = Debug|Win32
		{F5F00174-E0B8-4FC8-8001-2C08DB59330B}.Debug|x86.Build.0 = Debug|Win32
		{F5F00174-E0B8-4FC8-8001-2C08DB59330B}.Release|x64.ActiveCfg = Release|x64
		{F5F00174-E0B8-4FC8-8001-2C08DB59330B}.Release|x64.Build.0 = Release|x64
		{F5F00174-E0B8-4FC8-8001-2C08DB59330B}.Release|x86.ActiveCfg = Release|Win32
		{F5F00174-E0B8-4FC8-8001-2C08DB59330B}.Release|x86.Build.0 = Release|Win32
		{BD85E52A-42FE-4050-93EC-7773108FCCB1}.Debug|x64.ActiveCfg = Debug|x64
		{BD85E52A-42FE-4050-93EC-7773108FCCB1}.Debug|x64.Build.0 = Debug|x64
		{BD85E52A-42FE-4050-93EC-7773108FCCB1}.Debug|x86.ActiveCfg = Debug|Win32
		{BD85E52A-42FE-4050-93EC-7773108FCCB1}.Debug|x86.Build.0 = Debug|Win32
		{BD85E52A-42FE-4050-93EC-7773108FCCB1}.Release|x64.ActiveCfg = Release|x64
		{BD85E52A-42FE-4050-93EC-7773108FCCB1}.Release|x64.Build.0 = Release|x64
		{BD85E52A-42FE-4050-93EC-7773108FCCB1}.Release|x86.ActiveCfg = Release|Win32
		{BD85E52A-42FE-4050-93EC-7773108FCCB1}.Release|x86.Build.0 = Release|Win32
	EndGlobalSection
	GlobalSection(SolutionProperties) = preSolution
		HideSolutionNode = FALSE
	EndGlobalSection
	GlobalSection(ExtensibilityGlobals) = postSolution
		SolutionGuid = {D357227D-A087-4739-8882-0A0FAA07ECAE}
	EndGlobalSection
EndGlobal
